
Microsoft Visual Studio Solution File, Format Version 12.00
# Visual Studio Version 17
VisualStudioVersion = 17.3.32819.101
MinimumVisualStudioVersion = 10.0.40219.1
Project("{FAE04EC0-301F-11D3-BF4B-00C04F79EFBC}") = "ProjLista", "ProjLista\ProjLista.csproj", "{32B2A5C5-54E4-49ED-90EA-88681B47FACB}"
EndProject
Global
	GlobalSection(SolutionConfigurationPlatforms) = preSolution
		Debug|Any CPU = Debug|Any CPU
		Release|Any CPU = Release|Any CPU
	EndGlobalSection
	GlobalSection(ProjectConfigurationPlatforms) = postSolution
		{32B2A5C5-54E4-49ED-90EA-88681B47FACB}.Debug|Any CPU.ActiveCfg = Debug|Any CPU
		{32B2A5C5-54E4-49ED-90EA-88681B47FACB}.Debug|Any CPU.Build.0 = Debug|Any CPU
		{32B2A5C5-54E4-49ED-90EA-88681B47FACB}.Release|Any CPU.ActiveCfg = Release|Any CPU
		{32B2A5C5-54E4-49ED-90EA-88681B47FACB}.Release|Any CPU.Build.0 = Release|Any CPU
	EndGlobalSection
	GlobalSection(SolutionProperties) = preSolution
		HideSolutionNode = FALSE
	EndGlobalSection
	GlobalSection(ExtensibilityGlobals) = postSolution
		SolutionGuid = {7FCB3D7D-B943-40A1-97EE-C7F6290C8349}
	EndGlobalSection
EndGlobal
