
Microsoft Visual Studio Solution File, Format Version 12.00
# Visual Studio Version 17
VisualStudioVersion = 17.3.32819.101
MinimumVisualStudioVersion = 10.0.40219.1
Project("{FAE04EC0-301F-11D3-BF4B-00C04F79EFBC}") = "ProjPilhaDinamica", "ProjPilhaDinamica\ProjPilhaDinamica.csproj", "{C1E9DDF6-3A01-46CE-AF43-3CC980C6FDED}"
EndProject
Global
	GlobalSection(SolutionConfigurationPlatforms) = preSolution
		Debug|Any CPU = Debug|Any CPU
		Release|Any CPU = Release|Any CPU
	EndGlobalSection
	GlobalSection(ProjectConfigurationPlatforms) = postSolution
		{C1E9DDF6-3A01-46CE-AF43-3CC980C6FDED}.Debug|Any CPU.ActiveCfg = Debug|Any CPU
		{C1E9DDF6-3A01-46CE-AF43-3CC980C6FDED}.Debug|Any CPU.Build.0 = Debug|Any CPU
		{C1E9DDF6-3A01-46CE-AF43-3CC980C6FDED}.Release|Any CPU.ActiveCfg = Release|Any CPU
		{C1E9DDF6-3A01-46CE-AF43-3CC980C6FDED}.Release|Any CPU.Build.0 = Release|Any CPU
	EndGlobalSection
	GlobalSection(SolutionProperties) = preSolution
		HideSolutionNode = FALSE
	EndGlobalSection
	GlobalSection(ExtensibilityGlobals) = postSolution
		SolutionGuid = {BB265177-1332-47FF-8085-BBAF6E266326}
	EndGlobalSection
EndGlobal
